
Microsoft Visual Studio Solution File, Format Version 12.00
# Visual Studio Version 17
VisualStudioVersion = 17.5.33516.290
MinimumVisualStudioVersion = 10.0.40219.1
Project("{9A19103F-16F7-4668-BE54-9A1E7A4F7556}") = "Finances.Domain", "Finances.Domain\Finances.Domain.csproj", "{F9178391-8863-4430-9B80-390F859BE6D6}"
EndProject
Project("{9A19103F-16F7-4668-BE54-9A1E7A4F7556}") = "Finances.Application", "Finances.Application\Finances.Application.csproj", "{B9D9CCD5-FEDE-4EC4-AABA-83FEEE693F19}"
EndProject
Project("{9A19103F-16F7-4668-BE54-9A1E7A4F7556}") = "Finances.Infrastructure", "Finances.Infrastructure\Finances.Infrastructure.csproj", "{9491AC76-D82F-4766-88F9-DD93AB2A8079}"
EndProject
Project("{9A19103F-16F7-4668-BE54-9A1E7A4F7556}") = "Finances.MVC", "Finances.MVC\Finances.MVC.csproj", "{41156F86-3150-4FAF-8CFC-9F1DFD910C04}"
EndProject
Project("{FAE04EC0-301F-11D3-BF4B-00C04F79EFBC}") = "Finances.DomainTests", "Finances.DomainTests\Finances.DomainTests.csproj", "{1D7E2D6B-1D94-4481-AE82-6D36D5B2B4F1}"
EndProject
Project("{FAE04EC0-301F-11D3-BF4B-00C04F79EFBC}") = "Finances.ApplicationTests", "Finances.ApplicationTests\Finances.ApplicationTests.csproj", "{DAF9F87B-27EB-45BB-B1CC-509C98E75A19}"
EndProject
Project("{2150E333-8FDC-42A3-9474-1A3956D46DE8}") = "Tests", "Tests", "{1E278E37-0561-4555-8FDF-78E76115CF84}"
EndProject
Global
	GlobalSection(SolutionConfigurationPlatforms) = preSolution
		Debug|Any CPU = Debug|Any CPU
		Release|Any CPU = Release|Any CPU
	EndGlobalSection
	GlobalSection(ProjectConfigurationPlatforms) = postSolution
		{F9178391-8863-4430-9B80-390F859BE6D6}.Debug|Any CPU.ActiveCfg = Debug|Any CPU
		{F9178391-8863-4430-9B80-390F859BE6D6}.Debug|Any CPU.Build.0 = Debug|Any CPU
		{F9178391-8863-4430-9B80-390F859BE6D6}.Release|Any CPU.ActiveCfg = Release|Any CPU
		{F9178391-8863-4430-9B80-390F859BE6D6}.Release|Any CPU.Build.0 = Release|Any CPU
		{B9D9CCD5-FEDE-4EC4-AABA-83FEEE693F19}.Debug|Any CPU.ActiveCfg = Debug|Any CPU
		{B9D9CCD5-FEDE-4EC4-AABA-83FEEE693F19}.Debug|Any CPU.Build.0 = Debug|Any CPU
		{B9D9CCD5-FEDE-4EC4-AABA-83FEEE693F19}.Release|Any CPU.ActiveCfg = Release|Any CPU
		{B9D9CCD5-FEDE-4EC4-AABA-83FEEE693F19}.Release|Any CPU.Build.0 = Release|Any CPU
		{9491AC76-D82F-4766-88F9-DD93AB2A8079}.Debug|Any CPU.ActiveCfg = Debug|Any CPU
		{9491AC76-D82F-4766-88F9-DD93AB2A8079}.Debug|Any CPU.Build.0 = Debug|Any CPU
		{9491AC76-D82F-4766-88F9-DD93AB2A8079}.Release|Any CPU.ActiveCfg = Release|Any CPU
		{9491AC76-D82F-4766-88F9-DD93AB2A8079}.Release|Any CPU.Build.0 = Release|Any CPU
		{41156F86-3150-4FAF-8CFC-9F1DFD910C04}.Debug|Any CPU.ActiveCfg = Debug|Any CPU
		{41156F86-3150-4FAF-8CFC-9F1DFD910C04}.Debug|Any CPU.Build.0 = Debug|Any CPU
		{41156F86-3150-4FAF-8CFC-9F1DFD910C04}.Release|Any CPU.ActiveCfg = Release|Any CPU
		{41156F86-3150-4FAF-8CFC-9F1DFD910C04}.Release|Any CPU.Build.0 = Release|Any CPU
		{1D7E2D6B-1D94-4481-AE82-6D36D5B2B4F1}.Debug|Any CPU.ActiveCfg = Debug|Any CPU
		{1D7E2D6B-1D94-4481-AE82-6D36D5B2B4F1}.Debug|Any CPU.Build.0 = Debug|Any CPU
		{1D7E2D6B-1D94-4481-AE82-6D36D5B2B4F1}.Release|Any CPU.ActiveCfg = Release|Any CPU
		{1D7E2D6B-1D94-4481-AE82-6D36D5B2B4F1}.Release|Any CPU.Build.0 = Release|Any CPU
		{DAF9F87B-27EB-45BB-B1CC-509C98E75A19}.Debug|Any CPU.ActiveCfg = Debug|Any CPU
		{DAF9F87B-27EB-45BB-B1CC-509C98E75A19}.Debug|Any CPU.Build.0 = Debug|Any CPU
		{DAF9F87B-27EB-45BB-B1CC-509C98E75A19}.Release|Any CPU.ActiveCfg = Release|Any CPU
		{DAF9F87B-27EB-45BB-B1CC-509C98E75A19}.Release|Any CPU.Build.0 = Release|Any CPU
	EndGlobalSection
	GlobalSection(SolutionProperties) = preSolution
		HideSolutionNode = FALSE
	EndGlobalSection
	GlobalSection(NestedProjects) = preSolution
		{1D7E2D6B-1D94-4481-AE82-6D36D5B2B4F1} = {1E278E37-0561-4555-8FDF-78E76115CF84}
		{DAF9F87B-27EB-45BB-B1CC-509C98E75A19} = {1E278E37-0561-4555-8FDF-78E76115CF84}
	EndGlobalSection
	GlobalSection(ExtensibilityGlobals) = postSolution
		SolutionGuid = {B421D8D0-F307-4267-A7B2-EF20B5AA47F3}
	EndGlobalSection
EndGlobal
